
Microsoft Visual Studio Solution File, Format Version 12.00
# Visual Studio 2013
VisualStudioVersion = 12.0.30501.0
MinimumVisualStudioVersion = 10.0.40219.1
Project("{FAE04EC0-301F-11D3-BF4B-00C04F79EFBC}") = "App_GUI_Lab2_WinForms", "App_GUI_Lab2_WinForms\App_GUI_Lab2_WinForms.csproj", "{71C853B6-C05B-48D9-A63E-9C6052FF20B2}"
EndProject
Project("{FAE04EC0-301F-11D3-BF4B-00C04F79EFBC}") = "ControlLibrary_GUI_Lab2", "..\ControlLibrary_GUI_Lab2\ControlLibrary_GUI_Lab2\ControlLibrary_GUI_Lab2.csproj", "{FB8BC300-E6BF-45D7-AA80-5998E73E03D4}"
EndProject
Project("{FAE04EC0-301F-11D3-BF4B-00C04F79EFBC}") = "CL_Paragraph_GUI_Lab2", "CL_Paragraph_GUI_Lab2\CL_Paragraph_GUI_Lab2.csproj", "{231FAD9D-5792-402E-82B7-687273C499E1}"
EndProject
Global
	GlobalSection(SolutionConfigurationPlatforms) = preSolution
		Debug|Any CPU = Debug|Any CPU
		Release|Any CPU = Release|Any CPU
	EndGlobalSection
	GlobalSection(ProjectConfigurationPlatforms) = postSolution
		{71C853B6-C05B-48D9-A63E-9C6052FF20B2}.Debug|Any CPU.ActiveCfg = Debug|Any CPU
		{71C853B6-C05B-48D9-A63E-9C6052FF20B2}.Debug|Any CPU.Build.0 = Debug|Any CPU
		{71C853B6-C05B-48D9-A63E-9C6052FF20B2}.Release|Any CPU.ActiveCfg = Release|Any CPU
		{71C853B6-C05B-48D9-A63E-9C6052FF20B2}.Release|Any CPU.Build.0 = Release|Any CPU
		{FB8BC300-E6BF-45D7-AA80-5998E73E03D4}.Debug|Any CPU.ActiveCfg = Debug|Any CPU
		{FB8BC300-E6BF-45D7-AA80-5998E73E03D4}.Debug|Any CPU.Build.0 = Debug|Any CPU
		{FB8BC300-E6BF-45D7-AA80-5998E73E03D4}.Release|Any CPU.ActiveCfg = Release|Any CPU
		{FB8BC300-E6BF-45D7-AA80-5998E73E03D4}.Release|Any CPU.Build.0 = Release|Any CPU
		{231FAD9D-5792-402E-82B7-687273C499E1}.Debug|Any CPU.ActiveCfg = Debug|Any CPU
		{231FAD9D-5792-402E-82B7-687273C499E1}.Debug|Any CPU.Build.0 = Debug|Any CPU
		{231FAD9D-5792-402E-82B7-687273C499E1}.Release|Any CPU.ActiveCfg = Release|Any CPU
		{231FAD9D-5792-402E-82B7-687273C499E1}.Release|Any CPU.Build.0 = Release|Any CPU
	EndGlobalSection
	GlobalSection(SolutionProperties) = preSolution
		HideSolutionNode = FALSE
	EndGlobalSection
EndGlobal
